hash: aaf4d990e6cf340226eeaa747fc180f198302d7e5572d1330c63ea72614b3b27
updated: 2017-02-10T08:31:56.476239117+01:00
imports:
- name: github.com/go-gorp/gorp
  version: 390956328094c74d7c75a7e71a4d17e9297ed90e
- name: github.com/lib/pq
  version: 0477eb88c5ca4009cb281f13c90633375b6a9987
  subpackages:
  - oid
testImports: []
