hash: d1d4809468d48ac1299847055a791efc3c18e8f7eeb1494f6c6b337c737082a9
updated: 2017-02-09T14:20:45.335730934+01:00
imports:
- name: github.com/lib/pq
  version: a6657b2386e9b8be76484c08711b02c7cf867ead
  subpackages:
  - oid
- name: github.com/urfave/cli
  version: 0bdeddeeb0f650497d603c4ad7b20cfe685682f6
testImports: []
